
Microsoft Visual Studio Solution File, Format Version 12.00
# Visual Studio Version 16
VisualStudioVersion = 16.0.29709.97
MinimumVisualStudioVersion = 10.0.40219.1
Project("{9A19103F-16F7-4668-BE54-9A1E7A4F7556}") = "NorthwindTest", "NorthwindTest\NorthwindTest.csproj", "{A6961087-4D61-479B-B1A8-6637FC9B6994}"
EndProject
Project("{9A19103F-16F7-4668-BE54-9A1E7A4F7556}") = "GraphQL", "GraphQL\GraphQL.csproj", "{78BA45F7-E6C3-4478-91E7-DFA5A128DE0C}"
EndProject
Global
	GlobalSection(SolutionConfigurationPlatforms) = preSolution
		Debug|Any CPU = Debug|Any CPU
		Release|Any CPU = Release|Any CPU
	EndGlobalSection
	GlobalSection(ProjectConfigurationPlatforms) = postSolution
		{A6961087-4D61-479B-B1A8-6637FC9B6994}.Debug|Any CPU.ActiveCfg = Debug|Any CPU
		{A6961087-4D61-479B-B1A8-6637FC9B6994}.Debug|Any CPU.Build.0 = Debug|Any CPU
		{A6961087-4D61-479B-B1A8-6637FC9B6994}.Release|Any CPU.ActiveCfg = Release|Any CPU
		{A6961087-4D61-479B-B1A8-6637FC9B6994}.Release|Any CPU.Build.0 = Release|Any CPU
		{78BA45F7-E6C3-4478-91E7-DFA5A128DE0C}.Debug|Any CPU.ActiveCfg = Debug|Any CPU
		{78BA45F7-E6C3-4478-91E7-DFA5A128DE0C}.Debug|Any CPU.Build.0 = Debug|Any CPU
		{78BA45F7-E6C3-4478-91E7-DFA5A128DE0C}.Release|Any CPU.ActiveCfg = Release|Any CPU
		{78BA45F7-E6C3-4478-91E7-DFA5A128DE0C}.Release|Any CPU.Build.0 = Release|Any CPU
	EndGlobalSection
	GlobalSection(SolutionProperties) = preSolution
		HideSolutionNode = FALSE
	EndGlobalSection
	GlobalSection(ExtensibilityGlobals) = postSolution
		SolutionGuid = {7E6041B1-13A7-4D5F-A29A-B6FACE39A5B4}
	EndGlobalSection
EndGlobal
